
Microsoft Visual Studio Solution File, Format Version 12.00
# Visual Studio 15
VisualStudioVersion = 15.0.33801.198
MinimumVisualStudioVersion = 10.0.40219.1
Project("{FAE04EC0-301F-11D3-BF4B-00C04F79EFBC}") = "源代码", "源代码\源代码.csproj", "{0999B7A8-4B93-4B38-A57E-8C5846AAEE1B}"
EndProject
Global
	GlobalSection(SolutionConfigurationPlatforms) = preSolution
		Debug|Any CPU = Debug|Any CPU
		Release|Any CPU = Release|Any CPU
	EndGlobalSection
	GlobalSection(ProjectConfigurationPlatforms) = postSolution
		{0999B7A8-4B93-4B38-A57E-8C5846AAEE1B}.Debug|Any CPU.ActiveCfg = Debug|Any CPU
		{0999B7A8-4B93-4B38-A57E-8C5846AAEE1B}.Debug|Any CPU.Build.0 = Debug|Any CPU
		{0999B7A8-4B93-4B38-A57E-8C5846AAEE1B}.Release|Any CPU.ActiveCfg = Release|Any CPU
		{0999B7A8-4B93-4B38-A57E-8C5846AAEE1B}.Release|Any CPU.Build.0 = Release|Any CPU
	EndGlobalSection
	GlobalSection(SolutionProperties) = preSolution
		HideSolutionNode = FALSE
	EndGlobalSection
	GlobalSection(ExtensibilityGlobals) = postSolution
		SolutionGuid = {7F216533-8267-493F-9AA0-D582EB2A288F}
	EndGlobalSection
EndGlobal
